
Microsoft Visual Studio Solution File, Format Version 12.00
# Visual Studio Version 16
VisualStudioVersion = 16.0.31112.23
MinimumVisualStudioVersion = 10.0.40219.1
Project("{FAE04EC0-301F-11D3-BF4B-00C04F79EFBC}") = "UiApiSample", "UiApiSample\UiApiSample.csproj", "{26042C36-7611-4BD7-9BA4-F0DCDBBBE285}"
EndProject
Project("{FAE04EC0-301F-11D3-BF4B-00C04F79EFBC}") = "ConsumerWebSite", "ConsumerWebSite\ConsumerWebSite.csproj", "{8DAB600E-F6E0-4B03-B638-D037E72C55DA}"
EndProject
Global
	GlobalSection(SolutionConfigurationPlatforms) = preSolution
		Debug|Any CPU = Debug|Any CPU
		Release|Any CPU = Release|Any CPU
	EndGlobalSection
	GlobalSection(ProjectConfigurationPlatforms) = postSolution
		{26042C36-7611-4BD7-9BA4-F0DCDBBBE285}.Debug|Any CPU.ActiveCfg = Debug|Any CPU
		{26042C36-7611-4BD7-9BA4-F0DCDBBBE285}.Debug|Any CPU.Build.0 = Debug|Any CPU
		{26042C36-7611-4BD7-9BA4-F0DCDBBBE285}.Release|Any CPU.ActiveCfg = Release|Any CPU
		{26042C36-7611-4BD7-9BA4-F0DCDBBBE285}.Release|Any CPU.Build.0 = Release|Any CPU
		{8DAB600E-F6E0-4B03-B638-D037E72C55DA}.Debug|Any CPU.ActiveCfg = Debug|Any CPU
		{8DAB600E-F6E0-4B03-B638-D037E72C55DA}.Debug|Any CPU.Build.0 = Debug|Any CPU
		{8DAB600E-F6E0-4B03-B638-D037E72C55DA}.Release|Any CPU.ActiveCfg = Release|Any CPU
		{8DAB600E-F6E0-4B03-B638-D037E72C55DA}.Release|Any CPU.Build.0 = Release|Any CPU
	EndGlobalSection
	GlobalSection(SolutionProperties) = preSolution
		HideSolutionNode = FALSE
	EndGlobalSection
	GlobalSection(ExtensibilityGlobals) = postSolution
		SolutionGuid = {043862CA-E5CC-4A32-B39D-BA8E817E786D}
	EndGlobalSection
EndGlobal
